
Microsoft Visual Studio Solution File, Format Version 12.00
# Visual Studio 2012
Project("{8BC9CEB8-8B4A-11D0-8D11-00A0C91BC942}") = "AlgTestPC", "AlgTestPC\AlgTestPC.vcxproj", "{575C3BAA-E057-46C8-9AC2-4F71575955FC}"
EndProject
Global
	GlobalSection(SolutionConfigurationPlatforms) = preSolution
		Debug|Win32 = Debug|Win32
		Release|Win32 = Release|Win32
	EndGlobalSection
	GlobalSection(ProjectConfigurationPlatforms) = postSolution
		{575C3BAA-E057-46C8-9AC2-4F71575955FC}.Debug|Win32.ActiveCfg = Debug|Win32
		{575C3BAA-E057-46C8-9AC2-4F71575955FC}.Debug|Win32.Build.0 = Debug|Win32
		{575C3BAA-E057-46C8-9AC2-4F71575955FC}.Release|Win32.ActiveCfg = Release|Win32
		{575C3BAA-E057-46C8-9AC2-4F71575955FC}.Release|Win32.Build.0 = Release|Win32
	EndGlobalSection
	GlobalSection(SolutionProperties) = preSolution
		HideSolutionNode = FALSE
	EndGlobalSection
EndGlobal
